
Microsoft Visual Studio Solution File, Format Version 12.00
# Visual Studio Version 16
VisualStudioVersion = 16.0.29001.49
MinimumVisualStudioVersion = 10.0.40219.1
Project("{FAE04EC0-301F-11D3-BF4B-00C04F79EFBC}") = "Percent-Change", "Percent-Change\Percent-Change.csproj", "{A962D94B-9BD6-47B4-B5CB-51CAD026AAA2}"
EndProject
Global
	GlobalSection(SolutionConfigurationPlatforms) = preSolution
		Debug|Any CPU = Debug|Any CPU
		Release|Any CPU = Release|Any CPU
	EndGlobalSection
	GlobalSection(ProjectConfigurationPlatforms) = postSolution
		{A962D94B-9BD6-47B4-B5CB-51CAD026AAA2}.Debug|Any CPU.ActiveCfg = Debug|Any CPU
		{A962D94B-9BD6-47B4-B5CB-51CAD026AAA2}.Debug|Any CPU.Build.0 = Debug|Any CPU
		{A962D94B-9BD6-47B4-B5CB-51CAD026AAA2}.Release|Any CPU.ActiveCfg = Release|Any CPU
		{A962D94B-9BD6-47B4-B5CB-51CAD026AAA2}.Release|Any CPU.Build.0 = Release|Any CPU
	EndGlobalSection
	GlobalSection(SolutionProperties) = preSolution
		HideSolutionNode = FALSE
	EndGlobalSection
	GlobalSection(ExtensibilityGlobals) = postSolution
		SolutionGuid = {C82DE6FF-3ABD-4BBF-BFC0-520A06C5E5A6}
	EndGlobalSection
EndGlobal
