
Microsoft Visual Studio Solution File, Format Version 12.00
# Visual Studio Version 16
VisualStudioVersion = 16.0.28803.202
MinimumVisualStudioVersion = 10.0.40219.1
Project("{FAE04EC0-301F-11D3-BF4B-00C04F79EFBC}") = "1", "1\1.csproj", "{1D1BC923-974F-4337-BE73-8AB6926924D9}"
EndProject
Global
	GlobalSection(SolutionConfigurationPlatforms) = preSolution
		Debug|Any CPU = Debug|Any CPU
		Release|Any CPU = Release|Any CPU
	EndGlobalSection
	GlobalSection(ProjectConfigurationPlatforms) = postSolution
		{1D1BC923-974F-4337-BE73-8AB6926924D9}.Debug|Any CPU.ActiveCfg = Debug|Any CPU
		{1D1BC923-974F-4337-BE73-8AB6926924D9}.Debug|Any CPU.Build.0 = Debug|Any CPU
		{1D1BC923-974F-4337-BE73-8AB6926924D9}.Release|Any CPU.ActiveCfg = Release|Any CPU
		{1D1BC923-974F-4337-BE73-8AB6926924D9}.Release|Any CPU.Build.0 = Release|Any CPU
	EndGlobalSection
	GlobalSection(SolutionProperties) = preSolution
		HideSolutionNode = FALSE
	EndGlobalSection
	GlobalSection(ExtensibilityGlobals) = postSolution
		SolutionGuid = {CE3A1262-D860-4992-98DE-F18D42D4AE6C}
	EndGlobalSection
EndGlobal
